
Microsoft Visual Studio Solution File, Format Version 12.00
# Visual Studio 2012
Project("{8BC9CEB8-8B4A-11D0-8D11-00A0C91BC942}") = "State", "State\State.vcxproj", "{A446D116-1C93-4152-B3F4-94900DCC1746}"
EndProject
Project("{8BC9CEB8-8B4A-11D0-8D11-00A0C91BC942}") = "MeshLvl", "MeshLvl\MeshLvl.vcxproj", "{70EBA5D6-CAFF-42C5-BD75-15BB84A8F0FE}"
EndProject
Project("{8BC9CEB8-8B4A-11D0-8D11-00A0C91BC942}") = "Alpha", "Alpha\Alpha.vcxproj", "{3B941159-0EFE-4E76-82CE-3E889A9460CA}"
EndProject
Project("{8BC9CEB8-8B4A-11D0-8D11-00A0C91BC942}") = "VertexBuffer", "VertexBuffer\VertexBuffer.vcxproj", "{C29B4C6B-5C69-4353-A745-428B9F79A0CD}"
EndProject
Project("{8BC9CEB8-8B4A-11D0-8D11-00A0C91BC942}") = "Billboard", "Billboard\Billboard.vcxproj", "{E0933AAE-B11A-4F3B-83C8-A47D4EF28FDF}"
EndProject
Project("{8BC9CEB8-8B4A-11D0-8D11-00A0C91BC942}") = "Font", "Font\Font.vcxproj", "{B924D7AB-0441-4C68-AB58-E4437CFAC7FB}"
EndProject
Project("{8BC9CEB8-8B4A-11D0-8D11-00A0C91BC942}") = "Light", "Light\Light.vcxproj", "{AB40FA57-C31D-4987-BB73-9F81289C7B80}"
EndProject
Project("{8BC9CEB8-8B4A-11D0-8D11-00A0C91BC942}") = "Pyramid", "Pyramid\Pyramid.vcxproj", "{8B4D6867-2F5A-421E-B891-E8E90BAE5BD1}"
EndProject
Project("{8BC9CEB8-8B4A-11D0-8D11-00A0C91BC942}") = "Particle", "Particle\Particle.vcxproj", "{60ED4F10-95DF-46C0-BF1E-0E49756A0EFC}"
EndProject
Project("{8BC9CEB8-8B4A-11D0-8D11-00A0C91BC942}") = "Keyboard", "Keyboard\Keyboard.vcxproj", "{B7A57BE8-1FE6-47E5-A02E-92D15CDA8129}"
EndProject
Project("{8BC9CEB8-8B4A-11D0-8D11-00A0C91BC942}") = "XFile", "XFile\XFile.vcxproj", "{23C0F997-6FF5-4845-BED3-265BEA21DA40}"
EndProject
Project("{8BC9CEB8-8B4A-11D0-8D11-00A0C91BC942}") = "Teapot", "Teapot\Teapot.vcxproj", "{8236D796-76DC-4457-9DB6-EC068D942E96}"
EndProject
Project("{8BC9CEB8-8B4A-11D0-8D11-00A0C91BC942}") = "UseAnimMeshClass", "UseAnimMeshClass\UseAnimMeshClass.vcxproj", "{3D71C8DA-1D54-40EA-8382-A29B95C55E00}"
EndProject
Project("{8BC9CEB8-8B4A-11D0-8D11-00A0C91BC942}") = "UseCDXUTMeshClass", "UseCDXUTMeshClass\UseCDXUTMeshClass.vcxproj", "{4F067A68-3601-484F-9024-1F8993B73D07}"
EndProject
Project("{8BC9CEB8-8B4A-11D0-8D11-00A0C91BC942}") = "EmptyFramework", "EmptyFramework\EmptyFramework.vcxproj", "{F727DA5C-01C4-42F6-ACA5-15189B1A7F04}"
EndProject
Project("{8BC9CEB8-8B4A-11D0-8D11-00A0C91BC942}") = "UseSkinMeshClass", "UseSkinMeshClass\UseSkinMeshClass.vcxproj", "{F613ECD2-DAF5-4D28-BD03-6626F901E65A}"
EndProject
Project("{8BC9CEB8-8B4A-11D0-8D11-00A0C91BC942}") = "BumpUnderWater", "BumpUnderWater\BumpUnderWater.vcxproj", "{1CCB0728-CE8B-4491-AE11-BA36F97F4826}"
EndProject
Project("{8BC9CEB8-8B4A-11D0-8D11-00A0C91BC942}") = "TextureAnimation", "TextureAnimation\TextureAnimation.vcxproj", "{D2D69FF2-5F5E-41E5-8D1E-69C5B6376B91}"
EndProject
Project("{8BC9CEB8-8B4A-11D0-8D11-00A0C91BC942}") = "MultiAnimMesh", "MultiAnimMesh\MultiAnimMesh.vcxproj", "{3CB34AFA-2EFF-41CF-B896-5D5270DF6B7F}"
EndProject
Project("{8BC9CEB8-8B4A-11D0-8D11-00A0C91BC942}") = "Tile", "Tile\Tile.vcxproj", "{45E76D59-8AB5-4D2A-88DC-1CB5D94F9759}"
EndProject
Project("{8BC9CEB8-8B4A-11D0-8D11-00A0C91BC942}") = "NodeTree", "NodeTree\NodeTree.vcxproj", "{F073AD1D-C133-44EF-9E24-E4C5B868D19A}"
EndProject
Project("{8BC9CEB8-8B4A-11D0-8D11-00A0C91BC942}") = "Test", "Test\Test.vcxproj", "{0E4797C9-1B33-4512-A9C0-0506976237F0}"
EndProject
Project("{8BC9CEB8-8B4A-11D0-8D11-00A0C91BC942}") = "XGameEngine", "XGameEngine\XGameEngine.vcxproj", "{0637C917-3439-420C-A06E-33B71964A277}"
EndProject
Global
	GlobalSection(SolutionConfigurationPlatforms) = preSolution
		Debug|Win32 = Debug|Win32
		Release|Win32 = Release|Win32
	EndGlobalSection
	GlobalSection(ProjectConfigurationPlatforms) = postSolution
		{A446D116-1C93-4152-B3F4-94900DCC1746}.Debug|Win32.ActiveCfg = Debug|Win32
		{A446D116-1C93-4152-B3F4-94900DCC1746}.Debug|Win32.Build.0 = Debug|Win32
		{A446D116-1C93-4152-B3F4-94900DCC1746}.Release|Win32.ActiveCfg = Release|Win32
		{A446D116-1C93-4152-B3F4-94900DCC1746}.Release|Win32.Build.0 = Release|Win32
		{70EBA5D6-CAFF-42C5-BD75-15BB84A8F0FE}.Debug|Win32.ActiveCfg = Debug|Win32
		{70EBA5D6-CAFF-42C5-BD75-15BB84A8F0FE}.Debug|Win32.Build.0 = Debug|Win32
		{70EBA5D6-CAFF-42C5-BD75-15BB84A8F0FE}.Release|Win32.ActiveCfg = Release|Win32
		{70EBA5D6-CAFF-42C5-BD75-15BB84A8F0FE}.Release|Win32.Build.0 = Release|Win32
		{3B941159-0EFE-4E76-82CE-3E889A9460CA}.Debug|Win32.ActiveCfg = Debug|Win32
		{3B941159-0EFE-4E76-82CE-3E889A9460CA}.Debug|Win32.Build.0 = Debug|Win32
		{3B941159-0EFE-4E76-82CE-3E889A9460CA}.Release|Win32.ActiveCfg = Release|Win32
		{3B941159-0EFE-4E76-82CE-3E889A9460CA}.Release|Win32.Build.0 = Release|Win32
		{C29B4C6B-5C69-4353-A745-428B9F79A0CD}.Debug|Win32.ActiveCfg = Debug|Win32
		{C29B4C6B-5C69-4353-A745-428B9F79A0CD}.Debug|Win32.Build.0 = Debug|Win32
		{C29B4C6B-5C69-4353-A745-428B9F79A0CD}.Release|Win32.ActiveCfg = Release|Win32
		{C29B4C6B-5C69-4353-A745-428B9F79A0CD}.Release|Win32.Build.0 = Release|Win32
		{E0933AAE-B11A-4F3B-83C8-A47D4EF28FDF}.Debug|Win32.ActiveCfg = Debug|Win32
		{E0933AAE-B11A-4F3B-83C8-A47D4EF28FDF}.Debug|Win32.Build.0 = Debug|Win32
		{E0933AAE-B11A-4F3B-83C8-A47D4EF28FDF}.Release|Win32.ActiveCfg = Release|Win32
		{E0933AAE-B11A-4F3B-83C8-A47D4EF28FDF}.Release|Win32.Build.0 = Release|Win32
		{B924D7AB-0441-4C68-AB58-E4437CFAC7FB}.Debug|Win32.ActiveCfg = Debug|Win32
		{B924D7AB-0441-4C68-AB58-E4437CFAC7FB}.Debug|Win32.Build.0 = Debug|Win32
		{B924D7AB-0441-4C68-AB58-E4437CFAC7FB}.Release|Win32.ActiveCfg = Release|Win32
		{B924D7AB-0441-4C68-AB58-E4437CFAC7FB}.Release|Win32.Build.0 = Release|Win32
		{AB40FA57-C31D-4987-BB73-9F81289C7B80}.Debug|Win32.ActiveCfg = Debug|Win32
		{AB40FA57-C31D-4987-BB73-9F81289C7B80}.Debug|Win32.Build.0 = Debug|Win32
		{AB40FA57-C31D-4987-BB73-9F81289C7B80}.Release|Win32.ActiveCfg = Release|Win32
		{AB40FA57-C31D-4987-BB73-9F81289C7B80}.Release|Win32.Build.0 = Release|Win32
		{8B4D6867-2F5A-421E-B891-E8E90BAE5BD1}.Debug|Win32.ActiveCfg = Debug|Win32
		{8B4D6867-2F5A-421E-B891-E8E90BAE5BD1}.Debug|Win32.Build.0 = Debug|Win32
		{8B4D6867-2F5A-421E-B891-E8E90BAE5BD1}.Release|Win32.ActiveCfg = Release|Win32
		{8B4D6867-2F5A-421E-B891-E8E90BAE5BD1}.Release|Win32.Build.0 = Release|Win32
		{60ED4F10-95DF-46C0-BF1E-0E49756A0EFC}.Debug|Win32.ActiveCfg = Debug|Win32
		{60ED4F10-95DF-46C0-BF1E-0E49756A0EFC}.Debug|Win32.Build.0 = Debug|Win32
		{60ED4F10-95DF-46C0-BF1E-0E49756A0EFC}.Release|Win32.ActiveCfg = Release|Win32
		{60ED4F10-95DF-46C0-BF1E-0E49756A0EFC}.Release|Win32.Build.0 = Release|Win32
		{B7A57BE8-1FE6-47E5-A02E-92D15CDA8129}.Debug|Win32.ActiveCfg = Debug|Win32
		{B7A57BE8-1FE6-47E5-A02E-92D15CDA8129}.Debug|Win32.Build.0 = Debug|Win32
		{B7A57BE8-1FE6-47E5-A02E-92D15CDA8129}.Release|Win32.ActiveCfg = Release|Win32
		{B7A57BE8-1FE6-47E5-A02E-92D15CDA8129}.Release|Win32.Build.0 = Release|Win32
		{23C0F997-6FF5-4845-BED3-265BEA21DA40}.Debug|Win32.ActiveCfg = Debug|Win32
		{23C0F997-6FF5-4845-BED3-265BEA21DA40}.Debug|Win32.Build.0 = Debug|Win32
		{23C0F997-6FF5-4845-BED3-265BEA21DA40}.Release|Win32.ActiveCfg = Release|Win32
		{23C0F997-6FF5-4845-BED3-265BEA21DA40}.Release|Win32.Build.0 = Release|Win32
		{8236D796-76DC-4457-9DB6-EC068D942E96}.Debug|Win32.ActiveCfg = Debug|Win32
		{8236D796-76DC-4457-9DB6-EC068D942E96}.Debug|Win32.Build.0 = Debug|Win32
		{8236D796-76DC-4457-9DB6-EC068D942E96}.Release|Win32.ActiveCfg = Release|Win32
		{8236D796-76DC-4457-9DB6-EC068D942E96}.Release|Win32.Build.0 = Release|Win32
		{3D71C8DA-1D54-40EA-8382-A29B95C55E00}.Debug|Win32.ActiveCfg = Debug|Win32
		{3D71C8DA-1D54-40EA-8382-A29B95C55E00}.Debug|Win32.Build.0 = Debug|Win32
		{3D71C8DA-1D54-40EA-8382-A29B95C55E00}.Release|Win32.ActiveCfg = Release|Win32
		{3D71C8DA-1D54-40EA-8382-A29B95C55E00}.Release|Win32.Build.0 = Release|Win32
		{4F067A68-3601-484F-9024-1F8993B73D07}.Debug|Win32.ActiveCfg = Debug|Win32
		{4F067A68-3601-484F-9024-1F8993B73D07}.Debug|Win32.Build.0 = Debug|Win32
		{4F067A68-3601-484F-9024-1F8993B73D07}.Release|Win32.ActiveCfg = Release|Win32
		{4F067A68-3601-484F-9024-1F8993B73D07}.Release|Win32.Build.0 = Release|Win32
		{F727DA5C-01C4-42F6-ACA5-15189B1A7F04}.Debug|Win32.ActiveCfg = Debug|Win32
		{F727DA5C-01C4-42F6-ACA5-15189B1A7F04}.Debug|Win32.Build.0 = Debug|Win32
		{F727DA5C-01C4-42F6-ACA5-15189B1A7F04}.Release|Win32.ActiveCfg = Release|Win32
		{F727DA5C-01C4-42F6-ACA5-15189B1A7F04}.Release|Win32.Build.0 = Release|Win32
		{F613ECD2-DAF5-4D28-BD03-6626F901E65A}.Debug|Win32.ActiveCfg = Debug|Win32
		{F613ECD2-DAF5-4D28-BD03-6626F901E65A}.Debug|Win32.Build.0 = Debug|Win32
		{F613ECD2-DAF5-4D28-BD03-6626F901E65A}.Release|Win32.ActiveCfg = Release|Win32
		{F613ECD2-DAF5-4D28-BD03-6626F901E65A}.Release|Win32.Build.0 = Release|Win32
		{1CCB0728-CE8B-4491-AE11-BA36F97F4826}.Debug|Win32.ActiveCfg = Debug|Win32
		{1CCB0728-CE8B-4491-AE11-BA36F97F4826}.Debug|Win32.Build.0 = Debug|Win32
		{1CCB0728-CE8B-4491-AE11-BA36F97F4826}.Release|Win32.ActiveCfg = Release|Win32
		{1CCB0728-CE8B-4491-AE11-BA36F97F4826}.Release|Win32.Build.0 = Release|Win32
		{D2D69FF2-5F5E-41E5-8D1E-69C5B6376B91}.Debug|Win32.ActiveCfg = Debug|Win32
		{D2D69FF2-5F5E-41E5-8D1E-69C5B6376B91}.Debug|Win32.Build.0 = Debug|Win32
		{D2D69FF2-5F5E-41E5-8D1E-69C5B6376B91}.Release|Win32.ActiveCfg = Release|Win32
		{D2D69FF2-5F5E-41E5-8D1E-69C5B6376B91}.Release|Win32.Build.0 = Release|Win32
		{3CB34AFA-2EFF-41CF-B896-5D5270DF6B7F}.Debug|Win32.ActiveCfg = Debug|Win32
		{3CB34AFA-2EFF-41CF-B896-5D5270DF6B7F}.Debug|Win32.Build.0 = Debug|Win32
		{3CB34AFA-2EFF-41CF-B896-5D5270DF6B7F}.Release|Win32.ActiveCfg = Release|Win32
		{3CB34AFA-2EFF-41CF-B896-5D5270DF6B7F}.Release|Win32.Build.0 = Release|Win32
		{45E76D59-8AB5-4D2A-88DC-1CB5D94F9759}.Debug|Win32.ActiveCfg = Debug|Win32
		{45E76D59-8AB5-4D2A-88DC-1CB5D94F9759}.Debug|Win32.Build.0 = Debug|Win32
		{45E76D59-8AB5-4D2A-88DC-1CB5D94F9759}.Release|Win32.ActiveCfg = Release|Win32
		{45E76D59-8AB5-4D2A-88DC-1CB5D94F9759}.Release|Win32.Build.0 = Release|Win32
		{F073AD1D-C133-44EF-9E24-E4C5B868D19A}.Debug|Win32.ActiveCfg = Debug|Win32
		{F073AD1D-C133-44EF-9E24-E4C5B868D19A}.Debug|Win32.Build.0 = Debug|Win32
		{F073AD1D-C133-44EF-9E24-E4C5B868D19A}.Release|Win32.ActiveCfg = Release|Win32
		{F073AD1D-C133-44EF-9E24-E4C5B868D19A}.Release|Win32.Build.0 = Release|Win32
		{0E4797C9-1B33-4512-A9C0-0506976237F0}.Debug|Win32.ActiveCfg = Debug|Win32
		{0E4797C9-1B33-4512-A9C0-0506976237F0}.Debug|Win32.Build.0 = Debug|Win32
		{0E4797C9-1B33-4512-A9C0-0506976237F0}.Release|Win32.ActiveCfg = Release|Win32
		{0E4797C9-1B33-4512-A9C0-0506976237F0}.Release|Win32.Build.0 = Release|Win32
		{0637C917-3439-420C-A06E-33B71964A277}.Debug|Win32.ActiveCfg = Debug|Win32
		{0637C917-3439-420C-A06E-33B71964A277}.Debug|Win32.Build.0 = Debug|Win32
		{0637C917-3439-420C-A06E-33B71964A277}.Release|Win32.ActiveCfg = Release|Win32
		{0637C917-3439-420C-A06E-33B71964A277}.Release|Win32.Build.0 = Release|Win32
	EndGlobalSection
	GlobalSection(SolutionProperties) = preSolution
		HideSolutionNode = FALSE
	EndGlobalSection
EndGlobal
